
Microsoft Visual Studio Solution File, Format Version 12.00
# Visual Studio Version 17
VisualStudioVersion = 17.0.31903.59
MinimumVisualStudioVersion = 10.0.40219.1
Project("{FAE04EC0-301F-11D3-BF4B-00C04F79EFBC}") = "RecyclingApp.Domain", "RecyclingApp.Domain\RecyclingApp.Domain.csproj", "{2676EBCE-1F70-4644-BF46-3E556CE9BB32}"
EndProject
Project("{FAE04EC0-301F-11D3-BF4B-00C04F79EFBC}") = "RecyclingApp.Application", "RecyclingApp.Application\RecyclingApp.Application.csproj", "{C6D012AC-0FB0-4EAE-8B0F-6D5FCC73FEA1}"
EndProject
Project("{FAE04EC0-301F-11D3-BF4B-00C04F79EFBC}") = "RecyclingApp.Infrastructure", "RecyclingApp.Infrastructure\RecyclingApp.Infrastructure.csproj", "{1BD43A2D-62E0-4842-AFAC-B68C06A13C21}"
EndProject
Project("{FAE04EC0-301F-11D3-BF4B-00C04F79EFBC}") = "RecyclingApp.API", "RecyclingApp.API\RecyclingApp.API.csproj", "{A19EAAAB-C47D-461B-A408-91A72C1B8D1B}"
EndProject
Global
	GlobalSection(SolutionConfigurationPlatforms) = preSolution
		Debug|Any CPU = Debug|Any CPU
		Debug|x64 = Debug|x64
		Debug|x86 = Debug|x86
		Release|Any CPU = Release|Any CPU
		Release|x64 = Release|x64
		Release|x86 = Release|x86
	EndGlobalSection
	GlobalSection(ProjectConfigurationPlatforms) = postSolution
		{2676EBCE-1F70-4644-BF46-3E556CE9BB32}.Debug|Any CPU.ActiveCfg = Debug|Any CPU
		{2676EBCE-1F70-4644-BF46-3E556CE9BB32}.Debug|Any CPU.Build.0 = Debug|Any CPU
		{2676EBCE-1F70-4644-BF46-3E556CE9BB32}.Debug|x64.ActiveCfg = Debug|Any CPU
		{2676EBCE-1F70-4644-BF46-3E556CE9BB32}.Debug|x64.Build.0 = Debug|Any CPU
		{2676EBCE-1F70-4644-BF46-3E556CE9BB32}.Debug|x86.ActiveCfg = Debug|Any CPU
		{2676EBCE-1F70-4644-BF46-3E556CE9BB32}.Debug|x86.Build.0 = Debug|Any CPU
		{2676EBCE-1F70-4644-BF46-3E556CE9BB32}.Release|Any CPU.ActiveCfg = Release|Any CPU
		{2676EBCE-1F70-4644-BF46-3E556CE9BB32}.Release|Any CPU.Build.0 = Release|Any CPU
		{2676EBCE-1F70-4644-BF46-3E556CE9BB32}.Release|x64.ActiveCfg = Release|Any CPU
		{2676EBCE-1F70-4644-BF46-3E556CE9BB32}.Release|x64.Build.0 = Release|Any CPU
		{2676EBCE-1F70-4644-BF46-3E556CE9BB32}.Release|x86.ActiveCfg = Release|Any CPU
		{2676EBCE-1F70-4644-BF46-3E556CE9BB32}.Release|x86.Build.0 = Release|Any CPU
		{C6D012AC-0FB0-4EAE-8B0F-6D5FCC73FEA1}.Debug|Any CPU.ActiveCfg = Debug|Any CPU
		{C6D012AC-0FB0-4EAE-8B0F-6D5FCC73FEA1}.Debug|Any CPU.Build.0 = Debug|Any CPU
		{C6D012AC-0FB0-4EAE-8B0F-6D5FCC73FEA1}.Debug|x64.ActiveCfg = Debug|Any CPU
		{C6D012AC-0FB0-4EAE-8B0F-6D5FCC73FEA1}.Debug|x64.Build.0 = Debug|Any CPU
		{C6D012AC-0FB0-4EAE-8B0F-6D5FCC73FEA1}.Debug|x86.ActiveCfg = Debug|Any CPU
		{C6D012AC-0FB0-4EAE-8B0F-6D5FCC73FEA1}.Debug|x86.Build.0 = Debug|Any CPU
		{C6D012AC-0FB0-4EAE-8B0F-6D5FCC73FEA1}.Release|Any CPU.ActiveCfg = Release|Any CPU
		{C6D012AC-0FB0-4EAE-8B0F-6D5FCC73FEA1}.Release|Any CPU.Build.0 = Release|Any CPU
		{C6D012AC-0FB0-4EAE-8B0F-6D5FCC73FEA1}.Release|x64.ActiveCfg = Release|Any CPU
		{C6D012AC-0FB0-4EAE-8B0F-6D5FCC73FEA1}.Release|x64.Build.0 = Release|Any CPU
		{C6D012AC-0FB0-4EAE-8B0F-6D5FCC73FEA1}.Release|x86.ActiveCfg = Release|Any CPU
		{C6D012AC-0FB0-4EAE-8B0F-6D5FCC73FEA1}.Release|x86.Build.0 = Release|Any CPU
		{1BD43A2D-62E0-4842-AFAC-B68C06A13C21}.Debug|Any CPU.ActiveCfg = Debug|Any CPU
		{1BD43A2D-62E0-4842-AFAC-B68C06A13C21}.Debug|Any CPU.Build.0 = Debug|Any CPU
		{1BD43A2D-62E0-4842-AFAC-B68C06A13C21}.Debug|x64.ActiveCfg = Debug|Any CPU
		{1BD43A2D-62E0-4842-AFAC-B68C06A13C21}.Debug|x64.Build.0 = Debug|Any CPU
		{1BD43A2D-62E0-4842-AFAC-B68C06A13C21}.Debug|x86.ActiveCfg = Debug|Any CPU
		{1BD43A2D-62E0-4842-AFAC-B68C06A13C21}.Debug|x86.Build.0 = Debug|Any CPU
		{1BD43A2D-62E0-4842-AFAC-B68C06A13C21}.Release|Any CPU.ActiveCfg = Release|Any CPU
		{1BD43A2D-62E0-4842-AFAC-B68C06A13C21}.Release|Any CPU.Build.0 = Release|Any CPU
		{1BD43A2D-62E0-4842-AFAC-B68C06A13C21}.Release|x64.ActiveCfg = Release|Any CPU
		{1BD43A2D-62E0-4842-AFAC-B68C06A13C21}.Release|x64.Build.0 = Release|Any CPU
		{1BD43A2D-62E0-4842-AFAC-B68C06A13C21}.Release|x86.ActiveCfg = Release|Any CPU
		{1BD43A2D-62E0-4842-AFAC-B68C06A13C21}.Release|x86.Build.0 = Release|Any CPU
		{A19EAAAB-C47D-461B-A408-91A72C1B8D1B}.Debug|Any CPU.ActiveCfg = Debug|Any CPU
		{A19EAAAB-C47D-461B-A408-91A72C1B8D1B}.Debug|Any CPU.Build.0 = Debug|Any CPU
		{A19EAAAB-C47D-461B-A408-91A72C1B8D1B}.Debug|x64.ActiveCfg = Debug|Any CPU
		{A19EAAAB-C47D-461B-A408-91A72C1B8D1B}.Debug|x64.Build.0 = Debug|Any CPU
		{A19EAAAB-C47D-461B-A408-91A72C1B8D1B}.Debug|x86.ActiveCfg = Debug|Any CPU
		{A19EAAAB-C47D-461B-A408-91A72C1B8D1B}.Debug|x86.Build.0 = Debug|Any CPU
		{A19EAAAB-C47D-461B-A408-91A72C1B8D1B}.Release|Any CPU.ActiveCfg = Release|Any CPU
		{A19EAAAB-C47D-461B-A408-91A72C1B8D1B}.Release|Any CPU.Build.0 = Release|Any CPU
		{A19EAAAB-C47D-461B-A408-91A72C1B8D1B}.Release|x64.ActiveCfg = Release|Any CPU
		{A19EAAAB-C47D-461B-A408-91A72C1B8D1B}.Release|x64.Build.0 = Release|Any CPU
		{A19EAAAB-C47D-461B-A408-91A72C1B8D1B}.Release|x86.ActiveCfg = Release|Any CPU
		{A19EAAAB-C47D-461B-A408-91A72C1B8D1B}.Release|x86.Build.0 = Release|Any CPU
	EndGlobalSection
	GlobalSection(SolutionProperties) = preSolution
		HideSolutionNode = FALSE
	EndGlobalSection
EndGlobal
